
Microsoft Visual Studio Solution File, Format Version 12.00
# Visual Studio Version 16
VisualStudioVersion = 16.0.29215.179
MinimumVisualStudioVersion = 10.0.40219.1
Project("{FAE04EC0-301F-11D3-BF4B-00C04F79EFBC}") = "DatabaseBasic.Console", "DatabaseBasic\DatabaseBasic.Console.csproj", "{B478991F-F2F6-422A-8599-01DC67EB66DE}"
EndProject
Project("{FAE04EC0-301F-11D3-BF4B-00C04F79EFBC}") = "DatabaseBasic.DataFramework", "DatabaseBasic.DataFramework\DatabaseBasic.DataFramework.csproj", "{92F0A96C-91CB-4ECD-9747-4F68B73A1B9C}"
EndProject
Project("{FAE04EC0-301F-11D3-BF4B-00C04F79EFBC}") = "DatabaseBasic.WPF", "DatabaseBasic.WPF\DatabaseBasic.WPF.csproj", "{8B60653B-0358-47B5-824E-5DCEE912070F}"
EndProject
Project("{9A19103F-16F7-4668-BE54-9A1E7A4F7556}") = "DatabaseBasic.API", "DatabaseBasic.API\DatabaseBasic.API.csproj", "{13B82218-143B-4AEC-9B85-32FAC9937043}"
EndProject
Project("{FAE04EC0-301F-11D3-BF4B-00C04F79EFBC}") = "DatabaseBasic.WebSandbox", "DatabaseBasic.WebSandbox\DatabaseBasic.WebSandbox.csproj", "{F21C13E0-6652-425C-8899-E6E16938FBC2}"
EndProject
Global
	GlobalSection(SolutionConfigurationPlatforms) = preSolution
		Debug|Any CPU = Debug|Any CPU
		Release|Any CPU = Release|Any CPU
	EndGlobalSection
	GlobalSection(ProjectConfigurationPlatforms) = postSolution
		{B478991F-F2F6-422A-8599-01DC67EB66DE}.Debug|Any CPU.ActiveCfg = Debug|Any CPU
		{B478991F-F2F6-422A-8599-01DC67EB66DE}.Debug|Any CPU.Build.0 = Debug|Any CPU
		{B478991F-F2F6-422A-8599-01DC67EB66DE}.Release|Any CPU.ActiveCfg = Release|Any CPU
		{B478991F-F2F6-422A-8599-01DC67EB66DE}.Release|Any CPU.Build.0 = Release|Any CPU
		{92F0A96C-91CB-4ECD-9747-4F68B73A1B9C}.Debug|Any CPU.ActiveCfg = Debug|Any CPU
		{92F0A96C-91CB-4ECD-9747-4F68B73A1B9C}.Debug|Any CPU.Build.0 = Debug|Any CPU
		{92F0A96C-91CB-4ECD-9747-4F68B73A1B9C}.Release|Any CPU.ActiveCfg = Release|Any CPU
		{92F0A96C-91CB-4ECD-9747-4F68B73A1B9C}.Release|Any CPU.Build.0 = Release|Any CPU
		{8B60653B-0358-47B5-824E-5DCEE912070F}.Debug|Any CPU.ActiveCfg = Debug|Any CPU
		{8B60653B-0358-47B5-824E-5DCEE912070F}.Debug|Any CPU.Build.0 = Debug|Any CPU
		{8B60653B-0358-47B5-824E-5DCEE912070F}.Release|Any CPU.ActiveCfg = Release|Any CPU
		{8B60653B-0358-47B5-824E-5DCEE912070F}.Release|Any CPU.Build.0 = Release|Any CPU
		{13B82218-143B-4AEC-9B85-32FAC9937043}.Debug|Any CPU.ActiveCfg = Debug|Any CPU
		{13B82218-143B-4AEC-9B85-32FAC9937043}.Debug|Any CPU.Build.0 = Debug|Any CPU
		{13B82218-143B-4AEC-9B85-32FAC9937043}.Release|Any CPU.ActiveCfg = Release|Any CPU
		{13B82218-143B-4AEC-9B85-32FAC9937043}.Release|Any CPU.Build.0 = Release|Any CPU
		{F21C13E0-6652-425C-8899-E6E16938FBC2}.Debug|Any CPU.ActiveCfg = Debug|Any CPU
		{F21C13E0-6652-425C-8899-E6E16938FBC2}.Debug|Any CPU.Build.0 = Debug|Any CPU
		{F21C13E0-6652-425C-8899-E6E16938FBC2}.Release|Any CPU.ActiveCfg = Release|Any CPU
		{F21C13E0-6652-425C-8899-E6E16938FBC2}.Release|Any CPU.Build.0 = Release|Any CPU
	EndGlobalSection
	GlobalSection(SolutionProperties) = preSolution
		HideSolutionNode = FALSE
	EndGlobalSection
	GlobalSection(ExtensibilityGlobals) = postSolution
		SolutionGuid = {3F7544FD-1DB1-42DA-9F58-ABB949CD6530}
	EndGlobalSection
EndGlobal
